
Microsoft Visual Studio Solution File, Format Version 12.00
# Visual Studio Version 17
VisualStudioVersion = 17.9.34622.214
MinimumVisualStudioVersion = 10.0.40219.1
Project("{8BC9CEB8-8B4A-11D0-8D11-00A0C91BC942}") = "ProjetoFase1", "ProjetoFase1.vcxproj", "{7AFC3F04-12F2-43F7-B07F-C827D270B98A}"
EndProject
Project("{8BC9CEB8-8B4A-11D0-8D11-00A0C91BC942}") = "Aulas", "..\Aulas\Aulas.vcxproj", "{4D936B1D-BD51-4288-9B9A-0DC9A4A33024}"
EndProject
Global
	GlobalSection(SolutionConfigurationPlatforms) = preSolution
		Debug|x64 = Debug|x64
		Debug|x86 = Debug|x86
		Release|x64 = Release|x64
		Release|x86 = Release|x86
	EndGlobalSection
	GlobalSection(ProjectConfigurationPlatforms) = postSolution
		{7AFC3F04-12F2-43F7-B07F-C827D270B98A}.Debug|x64.ActiveCfg = Debug|x64
		{7AFC3F04-12F2-43F7-B07F-C827D270B98A}.Debug|x64.Build.0 = Debug|x64
		{7AFC3F04-12F2-43F7-B07F-C827D270B98A}.Debug|x86.ActiveCfg = Debug|Win32
		{7AFC3F04-12F2-43F7-B07F-C827D270B98A}.Debug|x86.Build.0 = Debug|Win32
		{7AFC3F04-12F2-43F7-B07F-C827D270B98A}.Release|x64.ActiveCfg = Release|x64
		{7AFC3F04-12F2-43F7-B07F-C827D270B98A}.Release|x64.Build.0 = Release|x64
		{7AFC3F04-12F2-43F7-B07F-C827D270B98A}.Release|x86.ActiveCfg = Release|Win32
		{7AFC3F04-12F2-43F7-B07F-C827D270B98A}.Release|x86.Build.0 = Release|Win32
		{4D936B1D-BD51-4288-9B9A-0DC9A4A33024}.Debug|x64.ActiveCfg = Debug|x64
		{4D936B1D-BD51-4288-9B9A-0DC9A4A33024}.Debug|x64.Build.0 = Debug|x64
		{4D936B1D-BD51-4288-9B9A-0DC9A4A33024}.Debug|x86.ActiveCfg = Debug|Win32
		{4D936B1D-BD51-4288-9B9A-0DC9A4A33024}.Debug|x86.Build.0 = Debug|Win32
		{4D936B1D-BD51-4288-9B9A-0DC9A4A33024}.Release|x64.ActiveCfg = Release|x64
		{4D936B1D-BD51-4288-9B9A-0DC9A4A33024}.Release|x64.Build.0 = Release|x64
		{4D936B1D-BD51-4288-9B9A-0DC9A4A33024}.Release|x86.ActiveCfg = Release|Win32
		{4D936B1D-BD51-4288-9B9A-0DC9A4A33024}.Release|x86.Build.0 = Release|Win32
	EndGlobalSection
	GlobalSection(SolutionProperties) = preSolution
		HideSolutionNode = FALSE
	EndGlobalSection
	GlobalSection(ExtensibilityGlobals) = postSolution
		SolutionGuid = {A51C2E61-F45B-4498-B87E-CC4D4AE6B0C7}
	EndGlobalSection
EndGlobal
